
Microsoft Visual Studio Solution File, Format Version 12.00
# Visual Studio Version 17
VisualStudioVersion = 17.1.32210.238
MinimumVisualStudioVersion = 10.0.40219.1
Project("{9A19103F-16F7-4668-BE54-9A1E7A4F7556}") = "Yuduan.Quartz.DependencyInjection", "src\Yuduan.Quartz.DependencyInjection.csproj", "{532D90E0-E4BF-4A9E-A71A-85884F68B6A8}"
EndProject
Global
	GlobalSection(SolutionConfigurationPlatforms) = preSolution
		Debug|Any CPU = Debug|Any CPU
		Release|Any CPU = Release|Any CPU
	EndGlobalSection
	GlobalSection(ProjectConfigurationPlatforms) = postSolution
		{532D90E0-E4BF-4A9E-A71A-85884F68B6A8}.Debug|Any CPU.ActiveCfg = Debug|Any CPU
		{532D90E0-E4BF-4A9E-A71A-85884F68B6A8}.Debug|Any CPU.Build.0 = Debug|Any CPU
		{532D90E0-E4BF-4A9E-A71A-85884F68B6A8}.Release|Any CPU.ActiveCfg = Release|Any CPU
		{532D90E0-E4BF-4A9E-A71A-85884F68B6A8}.Release|Any CPU.Build.0 = Release|Any CPU
	EndGlobalSection
	GlobalSection(SolutionProperties) = preSolution
		HideSolutionNode = FALSE
	EndGlobalSection
	GlobalSection(ExtensibilityGlobals) = postSolution
		SolutionGuid = {8265DF4F-E903-4C37-AC33-E7C7E6D71AB5}
	EndGlobalSection
EndGlobal
